
Microsoft Visual Studio Solution File, Format Version 12.00
# Visual Studio Version 17
VisualStudioVersion = 17.7.34031.279
MinimumVisualStudioVersion = 10.0.40219.1
Project("{2150E333-8FDC-42A3-9474-1A3956D46DE8}") = "02Semight.Fwm.Connection", "02Semight.Fwm.Connection", "{9316C9AF-8504-47DC-B0FF-16DF77087E78}"
EndProject
Project("{2150E333-8FDC-42A3-9474-1A3956D46DE8}") = "04Semight.Fwm.HardWare", "04Semight.Fwm.HardWare", "{73E79554-12A8-4E6A-A9C6-31AA3037281D}"
EndProject
Project("{2150E333-8FDC-42A3-9474-1A3956D46DE8}") = "01Semight.Fwm.Common", "01Semight.Fwm.Common", "{9A9227F9-D760-40DB-AC24-96183511FF83}"
EndProject
Project("{2150E333-8FDC-42A3-9474-1A3956D46DE8}") = "03Semight.Fwm.Algorithm", "03Semight.Fwm.Algorithm", "{99D18A3E-9264-4423-BE35-4AAB4DAA9C8E}"
EndProject
Project("{2150E333-8FDC-42A3-9474-1A3956D46DE8}") = "05Semight.Fwm.CustomUserControl", "05Semight.Fwm.CustomUserControl", "{4A396C46-6BCC-462F-BBDA-400F1A58BB10}"
EndProject
Project("{9A19103F-16F7-4668-BE54-9A1E7A4F7556}") = "Semight.Fwm.Connection.ConnectionAssistantLib", "02Semight.Fwm.Connection\Semight.Fwm.Connection.ConnectionAssistantLib\Semight.Fwm.Connection.ConnectionAssistantLib.csproj", "{151E3C5C-76D8-41DC-897F-E2BB379B5290}"
EndProject
Project("{9A19103F-16F7-4668-BE54-9A1E7A4F7556}") = "Semight.Fwm.Algorithm.WaveLengthAlgorithm", "04Semight.Fwm.Algorithm\Semight.Fwm.Algorithm.WaveLengthAlgorithm\Semight.Fwm.Algorithm.WaveLengthAlgorithm.csproj", "{F488449E-AA4E-450F-9254-674B09DF8A42}"
EndProject
Project("{9A19103F-16F7-4668-BE54-9A1E7A4F7556}") = "Semight.Fwm.Fwm8612Helper", "Semight.Fwm.Fwm8612Helper\Semight.Fwm.Fwm8612Helper.csproj", "{B5DCB15E-AAB1-46F5-A198-5E939FCBE0DA}"
EndProject
Project("{9A19103F-16F7-4668-BE54-9A1E7A4F7556}") = "Semight.Fwm.CustomUserControl.WaveLengthParam", "05Semight.Fwm.CustomUserControl\Semight.Fwm.CustomUserControl.WaveLengthParamUI\Semight.Fwm.CustomUserControl.WaveLengthParam.csproj", "{20E6D83D-C4C5-48B7-AD7A-1136216AF361}"
EndProject
Project("{9A19103F-16F7-4668-BE54-9A1E7A4F7556}") = "Semight.Fwm.CustomUserControl.WaveLengthChart", "05Semight.Fwm.CustomUserControl\Semight.Fwm.CustomUserControl.WaveLengthChart\Semight.Fwm.CustomUserControl.WaveLengthChart.csproj", "{44144A1F-44AE-4DBF-B770-04709F6BB315}"
EndProject
Project("{2150E333-8FDC-42A3-9474-1A3956D46DE8}") = "Utility", "Utility", "{66517CA7-F38A-4784-955F-F8793780121E}"
EndProject
Project("{2150E333-8FDC-42A3-9474-1A3956D46DE8}") = "SingleEntity", "SingleEntity", "{29E1B8DF-9054-4F1A-8A85-BFDBF804FAFC}"
EndProject
Project("{2150E333-8FDC-42A3-9474-1A3956D46DE8}") = "UITools", "UITools", "{B309C8B6-FDDD-4FA6-86B6-24E766BBD0AF}"
EndProject
Project("{9A19103F-16F7-4668-BE54-9A1E7A4F7556}") = "Semight.Fwm.Common.CommonFileOperationLib", "01Semight.Fwm.Common\SingleEntity\Semight.Fwm.Common.CommonFileOperationLib\Semight.Fwm.Common.CommonFileOperationLib.csproj", "{1210D832-720A-49BD-8CE0-A6FEB04FA64E}"
EndProject
Project("{9A19103F-16F7-4668-BE54-9A1E7A4F7556}") = "Semight.Fwm.Common.CommonModels", "01Semight.Fwm.Common\SingleEntity\Semight.Fwm.Common.CommonModels\Semight.Fwm.Common.CommonModels.csproj", "{9B0AF49A-545A-4D8A-B312-37F1478BDBC5}"
EndProject
Project("{9A19103F-16F7-4668-BE54-9A1E7A4F7556}") = "Semight.Fwm.Common.CommonTools", "01Semight.Fwm.Common\SingleEntity\Semight.Fwm.Common.CommonTools\Semight.Fwm.Common.CommonTools.csproj", "{197E5FEF-20A5-40CB-9958-C136C86B3794}"
EndProject
Project("{9A19103F-16F7-4668-BE54-9A1E7A4F7556}") = "Semight.Fwm.Common.CommonUILib", "01Semight.Fwm.Common\UITools\Semight.Fwm.Common.CommonUILib\Semight.Fwm.Common.CommonUILib.csproj", "{75EC3EF7-F1DB-478B-862D-7DC4FD7746FE}"
EndProject
Project("{9A19103F-16F7-4668-BE54-9A1E7A4F7556}") = "Semight.Fwm.Common.CommonUtility", "01Semight.Fwm.Common\Utility\Semight.Fwm.Common.CommonUtility\Semight.Fwm.Common.CommonUtility.csproj", "{EC9A6B77-80FC-46CD-986F-FD1BB266B548}"
EndProject
Project("{2150E333-8FDC-42A3-9474-1A3956D46DE8}") = "Implement", "Implement", "{6286DD36-9509-4EF3-A044-E3CA1CAD82B6}"
EndProject
Project("{2150E333-8FDC-42A3-9474-1A3956D46DE8}") = "Platform", "Platform", "{74BD03DB-3BF8-4ED5-BF29-13A386088898}"
EndProject
Project("{9A19103F-16F7-4668-BE54-9A1E7A4F7556}") = "Semight.Fwm.HardWare.AQ6151InteractionLib", "03Semight.Fwm.HardWare\Implement\Semight.Fwm.HardWare.AQ6151InteractionLib\Semight.Fwm.HardWare.AQ6151InteractionLib.csproj", "{FBF89967-C918-4431-80F2-590298BD3261}"
EndProject
Project("{9A19103F-16F7-4668-BE54-9A1E7A4F7556}") = "Semight.Fwm.HardWare.AT4304InteractionLib", "03Semight.Fwm.HardWare\Implement\Semight.Fwm.HardWare.AT4304InteractionLib\Semight.Fwm.HardWare.AT4304InteractionLib.csproj", "{E539937A-6BC8-4FA2-AE95-D56DB1210DEB}"
EndProject
Project("{9A19103F-16F7-4668-BE54-9A1E7A4F7556}") = "Semight.Fwm.HardWare.FWM8612InteractionLib", "03Semight.Fwm.HardWare\Implement\Semight.Fwm.HardWare.FWM8612InteractionLib\Semight.Fwm.HardWare.FWM8612InteractionLib.csproj", "{0324979A-5F7C-4C1C-8DAB-0E1661EAF4B6}"
EndProject
Project("{9A19103F-16F7-4668-BE54-9A1E7A4F7556}") = "Semight.Fwm.HardWare.HP8153AInteractionLib", "03Semight.Fwm.HardWare\Implement\Semight.Fwm.HardWare.HP8153AInteractionLib\Semight.Fwm.HardWare.HP8153AInteractionLib.csproj", "{F4096442-0E7A-447C-8BEC-1F468EDECA8B}"
EndProject
Project("{9A19103F-16F7-4668-BE54-9A1E7A4F7556}") = "Semight.Fwm.HardWare.HP8164AInteractionLib", "03Semight.Fwm.HardWare\Implement\Semight.Fwm.HardWare.HP8164AInteractionLib\Semight.Fwm.HardWare.HP8164AInteractionLib.csproj", "{3BDFC374-8F5D-414D-8A69-84FA2374DDAA}"
EndProject
Project("{9A19103F-16F7-4668-BE54-9A1E7A4F7556}") = "Semight.Fwm.HardWare.OSW42032InteractionLib", "03Semight.Fwm.HardWare\Implement\Semight.Fwm.HardWare.OSW42032InteractionLib\Semight.Fwm.HardWare.OSW42032InteractionLib.csproj", "{843E8096-8042-4DC4-AAC7-AE3F6D93AF94}"
EndProject
Project("{9A19103F-16F7-4668-BE54-9A1E7A4F7556}") = "Semight.Fwm.HardWare.HardwarePlatform", "03Semight.Fwm.HardWare\Platform\Semight.Fwm.HardWare.HardwarePlatform\Semight.Fwm.HardWare.HardwarePlatform.csproj", "{07934507-A60A-48DD-8604-0BBD5FB76755}"
EndProject
Project("{9A19103F-16F7-4668-BE54-9A1E7A4F7556}") = "Semight.Fwm.Connection.GP_IBConnectionLib", "02Semight.Fwm.Connection\Semight.Fwm.Connection.GP_IBConnectionLib\Semight.Fwm.Connection.GP_IBConnectionLib.csproj", "{91D4D3B3-E94F-472B-8C46-B4AFA0E4080D}"
EndProject
Global
	GlobalSection(SolutionConfigurationPlatforms) = preSolution
		Debug|Any CPU = Debug|Any CPU
		Debug|x86 = Debug|x86
		Release|Any CPU = Release|Any CPU
		Release|x86 = Release|x86
	EndGlobalSection
	GlobalSection(ProjectConfigurationPlatforms) = postSolution
		{151E3C5C-76D8-41DC-897F-E2BB379B5290}.Debug|Any CPU.ActiveCfg = Debug|Any CPU
		{151E3C5C-76D8-41DC-897F-E2BB379B5290}.Debug|Any CPU.Build.0 = Debug|Any CPU
		{151E3C5C-76D8-41DC-897F-E2BB379B5290}.Debug|x86.ActiveCfg = Debug|Any CPU
		{151E3C5C-76D8-41DC-897F-E2BB379B5290}.Debug|x86.Build.0 = Debug|Any CPU
		{151E3C5C-76D8-41DC-897F-E2BB379B5290}.Release|Any CPU.ActiveCfg = Release|Any CPU
		{151E3C5C-76D8-41DC-897F-E2BB379B5290}.Release|Any CPU.Build.0 = Release|Any CPU
		{151E3C5C-76D8-41DC-897F-E2BB379B5290}.Release|x86.ActiveCfg = Release|Any CPU
		{151E3C5C-76D8-41DC-897F-E2BB379B5290}.Release|x86.Build.0 = Release|Any CPU
		{F488449E-AA4E-450F-9254-674B09DF8A42}.Debug|Any CPU.ActiveCfg = Debug|Any CPU
		{F488449E-AA4E-450F-9254-674B09DF8A42}.Debug|Any CPU.Build.0 = Debug|Any CPU
		{F488449E-AA4E-450F-9254-674B09DF8A42}.Debug|x86.ActiveCfg = Debug|Any CPU
		{F488449E-AA4E-450F-9254-674B09DF8A42}.Debug|x86.Build.0 = Debug|Any CPU
		{F488449E-AA4E-450F-9254-674B09DF8A42}.Release|Any CPU.ActiveCfg = Release|Any CPU
		{F488449E-AA4E-450F-9254-674B09DF8A42}.Release|Any CPU.Build.0 = Release|Any CPU
		{F488449E-AA4E-450F-9254-674B09DF8A42}.Release|x86.ActiveCfg = Release|Any CPU
		{F488449E-AA4E-450F-9254-674B09DF8A42}.Release|x86.Build.0 = Release|Any CPU
		{B5DCB15E-AAB1-46F5-A198-5E939FCBE0DA}.Debug|Any CPU.ActiveCfg = Debug|Any CPU
		{B5DCB15E-AAB1-46F5-A198-5E939FCBE0DA}.Debug|Any CPU.Build.0 = Debug|Any CPU
		{B5DCB15E-AAB1-46F5-A198-5E939FCBE0DA}.Debug|x86.ActiveCfg = Debug|x86
		{B5DCB15E-AAB1-46F5-A198-5E939FCBE0DA}.Debug|x86.Build.0 = Debug|x86
		{B5DCB15E-AAB1-46F5-A198-5E939FCBE0DA}.Release|Any CPU.ActiveCfg = Release|Any CPU
		{B5DCB15E-AAB1-46F5-A198-5E939FCBE0DA}.Release|Any CPU.Build.0 = Release|Any CPU
		{B5DCB15E-AAB1-46F5-A198-5E939FCBE0DA}.Release|x86.ActiveCfg = Release|x86
		{B5DCB15E-AAB1-46F5-A198-5E939FCBE0DA}.Release|x86.Build.0 = Release|x86
		{20E6D83D-C4C5-48B7-AD7A-1136216AF361}.Debug|Any CPU.ActiveCfg = Debug|Any CPU
		{20E6D83D-C4C5-48B7-AD7A-1136216AF361}.Debug|Any CPU.Build.0 = Debug|Any CPU
		{20E6D83D-C4C5-48B7-AD7A-1136216AF361}.Debug|x86.ActiveCfg = Debug|x86
		{20E6D83D-C4C5-48B7-AD7A-1136216AF361}.Debug|x86.Build.0 = Debug|x86
		{20E6D83D-C4C5-48B7-AD7A-1136216AF361}.Release|Any CPU.ActiveCfg = Release|Any CPU
		{20E6D83D-C4C5-48B7-AD7A-1136216AF361}.Release|Any CPU.Build.0 = Release|Any CPU
		{20E6D83D-C4C5-48B7-AD7A-1136216AF361}.Release|x86.ActiveCfg = Release|x86
		{20E6D83D-C4C5-48B7-AD7A-1136216AF361}.Release|x86.Build.0 = Release|x86
		{44144A1F-44AE-4DBF-B770-04709F6BB315}.Debug|Any CPU.ActiveCfg = Debug|Any CPU
		{44144A1F-44AE-4DBF-B770-04709F6BB315}.Debug|Any CPU.Build.0 = Debug|Any CPU
		{44144A1F-44AE-4DBF-B770-04709F6BB315}.Debug|x86.ActiveCfg = Debug|Any CPU
		{44144A1F-44AE-4DBF-B770-04709F6BB315}.Debug|x86.Build.0 = Debug|Any CPU
		{44144A1F-44AE-4DBF-B770-04709F6BB315}.Release|Any CPU.ActiveCfg = Release|Any CPU
		{44144A1F-44AE-4DBF-B770-04709F6BB315}.Release|Any CPU.Build.0 = Release|Any CPU
		{44144A1F-44AE-4DBF-B770-04709F6BB315}.Release|x86.ActiveCfg = Release|Any CPU
		{44144A1F-44AE-4DBF-B770-04709F6BB315}.Release|x86.Build.0 = Release|Any CPU
		{1210D832-720A-49BD-8CE0-A6FEB04FA64E}.Debug|Any CPU.ActiveCfg = Debug|Any CPU
		{1210D832-720A-49BD-8CE0-A6FEB04FA64E}.Debug|Any CPU.Build.0 = Debug|Any CPU
		{1210D832-720A-49BD-8CE0-A6FEB04FA64E}.Debug|x86.ActiveCfg = Debug|x86
		{1210D832-720A-49BD-8CE0-A6FEB04FA64E}.Debug|x86.Build.0 = Debug|x86
		{1210D832-720A-49BD-8CE0-A6FEB04FA64E}.Release|Any CPU.ActiveCfg = Release|Any CPU
		{1210D832-720A-49BD-8CE0-A6FEB04FA64E}.Release|Any CPU.Build.0 = Release|Any CPU
		{1210D832-720A-49BD-8CE0-A6FEB04FA64E}.Release|x86.ActiveCfg = Release|x86
		{1210D832-720A-49BD-8CE0-A6FEB04FA64E}.Release|x86.Build.0 = Release|x86
		{9B0AF49A-545A-4D8A-B312-37F1478BDBC5}.Debug|Any CPU.ActiveCfg = Debug|Any CPU
		{9B0AF49A-545A-4D8A-B312-37F1478BDBC5}.Debug|Any CPU.Build.0 = Debug|Any CPU
		{9B0AF49A-545A-4D8A-B312-37F1478BDBC5}.Debug|x86.ActiveCfg = Debug|x86
		{9B0AF49A-545A-4D8A-B312-37F1478BDBC5}.Debug|x86.Build.0 = Debug|x86
		{9B0AF49A-545A-4D8A-B312-37F1478BDBC5}.Release|Any CPU.ActiveCfg = Release|Any CPU
		{9B0AF49A-545A-4D8A-B312-37F1478BDBC5}.Release|Any CPU.Build.0 = Release|Any CPU
		{9B0AF49A-545A-4D8A-B312-37F1478BDBC5}.Release|x86.ActiveCfg = Release|x86
		{9B0AF49A-545A-4D8A-B312-37F1478BDBC5}.Release|x86.Build.0 = Release|x86
		{197E5FEF-20A5-40CB-9958-C136C86B3794}.Debug|Any CPU.ActiveCfg = Debug|Any CPU
		{197E5FEF-20A5-40CB-9958-C136C86B3794}.Debug|Any CPU.Build.0 = Debug|Any CPU
		{197E5FEF-20A5-40CB-9958-C136C86B3794}.Debug|x86.ActiveCfg = Debug|x86
		{197E5FEF-20A5-40CB-9958-C136C86B3794}.Debug|x86.Build.0 = Debug|x86
		{197E5FEF-20A5-40CB-9958-C136C86B3794}.Release|Any CPU.ActiveCfg = Release|Any CPU
		{197E5FEF-20A5-40CB-9958-C136C86B3794}.Release|Any CPU.Build.0 = Release|Any CPU
		{197E5FEF-20A5-40CB-9958-C136C86B3794}.Release|x86.ActiveCfg = Release|x86
		{197E5FEF-20A5-40CB-9958-C136C86B3794}.Release|x86.Build.0 = Release|x86
		{75EC3EF7-F1DB-478B-862D-7DC4FD7746FE}.Debug|Any CPU.ActiveCfg = Debug|Any CPU
		{75EC3EF7-F1DB-478B-862D-7DC4FD7746FE}.Debug|Any CPU.Build.0 = Debug|Any CPU
		{75EC3EF7-F1DB-478B-862D-7DC4FD7746FE}.Debug|x86.ActiveCfg = Debug|x86
		{75EC3EF7-F1DB-478B-862D-7DC4FD7746FE}.Debug|x86.Build.0 = Debug|x86
		{75EC3EF7-F1DB-478B-862D-7DC4FD7746FE}.Release|Any CPU.ActiveCfg = Release|Any CPU
		{75EC3EF7-F1DB-478B-862D-7DC4FD7746FE}.Release|Any CPU.Build.0 = Release|Any CPU
		{75EC3EF7-F1DB-478B-862D-7DC4FD7746FE}.Release|x86.ActiveCfg = Release|x86
		{75EC3EF7-F1DB-478B-862D-7DC4FD7746FE}.Release|x86.Build.0 = Release|x86
		{EC9A6B77-80FC-46CD-986F-FD1BB266B548}.Debug|Any CPU.ActiveCfg = Debug|Any CPU
		{EC9A6B77-80FC-46CD-986F-FD1BB266B548}.Debug|Any CPU.Build.0 = Debug|Any CPU
		{EC9A6B77-80FC-46CD-986F-FD1BB266B548}.Debug|x86.ActiveCfg = Debug|Any CPU
		{EC9A6B77-80FC-46CD-986F-FD1BB266B548}.Debug|x86.Build.0 = Debug|Any CPU
		{EC9A6B77-80FC-46CD-986F-FD1BB266B548}.Release|Any CPU.ActiveCfg = Release|Any CPU
		{EC9A6B77-80FC-46CD-986F-FD1BB266B548}.Release|Any CPU.Build.0 = Release|Any CPU
		{EC9A6B77-80FC-46CD-986F-FD1BB266B548}.Release|x86.ActiveCfg = Release|Any CPU
		{EC9A6B77-80FC-46CD-986F-FD1BB266B548}.Release|x86.Build.0 = Release|Any CPU
		{FBF89967-C918-4431-80F2-590298BD3261}.Debug|Any CPU.ActiveCfg = Debug|Any CPU
		{FBF89967-C918-4431-80F2-590298BD3261}.Debug|Any CPU.Build.0 = Debug|Any CPU
		{FBF89967-C918-4431-80F2-590298BD3261}.Debug|x86.ActiveCfg = Debug|x86
		{FBF89967-C918-4431-80F2-590298BD3261}.Debug|x86.Build.0 = Debug|x86
		{FBF89967-C918-4431-80F2-590298BD3261}.Release|Any CPU.ActiveCfg = Release|Any CPU
		{FBF89967-C918-4431-80F2-590298BD3261}.Release|Any CPU.Build.0 = Release|Any CPU
		{FBF89967-C918-4431-80F2-590298BD3261}.Release|x86.ActiveCfg = Release|x86
		{FBF89967-C918-4431-80F2-590298BD3261}.Release|x86.Build.0 = Release|x86
		{E539937A-6BC8-4FA2-AE95-D56DB1210DEB}.Debug|Any CPU.ActiveCfg = Debug|Any CPU
		{E539937A-6BC8-4FA2-AE95-D56DB1210DEB}.Debug|Any CPU.Build.0 = Debug|Any CPU
		{E539937A-6BC8-4FA2-AE95-D56DB1210DEB}.Debug|x86.ActiveCfg = Debug|x86
		{E539937A-6BC8-4FA2-AE95-D56DB1210DEB}.Debug|x86.Build.0 = Debug|x86
		{E539937A-6BC8-4FA2-AE95-D56DB1210DEB}.Release|Any CPU.ActiveCfg = Release|Any CPU
		{E539937A-6BC8-4FA2-AE95-D56DB1210DEB}.Release|Any CPU.Build.0 = Release|Any CPU
		{E539937A-6BC8-4FA2-AE95-D56DB1210DEB}.Release|x86.ActiveCfg = Release|x86
		{E539937A-6BC8-4FA2-AE95-D56DB1210DEB}.Release|x86.Build.0 = Release|x86
		{0324979A-5F7C-4C1C-8DAB-0E1661EAF4B6}.Debug|Any CPU.ActiveCfg = Debug|Any CPU
		{0324979A-5F7C-4C1C-8DAB-0E1661EAF4B6}.Debug|Any CPU.Build.0 = Debug|Any CPU
		{0324979A-5F7C-4C1C-8DAB-0E1661EAF4B6}.Debug|x86.ActiveCfg = Debug|x86
		{0324979A-5F7C-4C1C-8DAB-0E1661EAF4B6}.Debug|x86.Build.0 = Debug|x86
		{0324979A-5F7C-4C1C-8DAB-0E1661EAF4B6}.Release|Any CPU.ActiveCfg = Release|Any CPU
		{0324979A-5F7C-4C1C-8DAB-0E1661EAF4B6}.Release|Any CPU.Build.0 = Release|Any CPU
		{0324979A-5F7C-4C1C-8DAB-0E1661EAF4B6}.Release|x86.ActiveCfg = Release|x86
		{0324979A-5F7C-4C1C-8DAB-0E1661EAF4B6}.Release|x86.Build.0 = Release|x86
		{F4096442-0E7A-447C-8BEC-1F468EDECA8B}.Debug|Any CPU.ActiveCfg = Debug|Any CPU
		{F4096442-0E7A-447C-8BEC-1F468EDECA8B}.Debug|Any CPU.Build.0 = Debug|Any CPU
		{F4096442-0E7A-447C-8BEC-1F468EDECA8B}.Debug|x86.ActiveCfg = Debug|x86
		{F4096442-0E7A-447C-8BEC-1F468EDECA8B}.Debug|x86.Build.0 = Debug|x86
		{F4096442-0E7A-447C-8BEC-1F468EDECA8B}.Release|Any CPU.ActiveCfg = Release|Any CPU
		{F4096442-0E7A-447C-8BEC-1F468EDECA8B}.Release|Any CPU.Build.0 = Release|Any CPU
		{F4096442-0E7A-447C-8BEC-1F468EDECA8B}.Release|x86.ActiveCfg = Release|x86
		{F4096442-0E7A-447C-8BEC-1F468EDECA8B}.Release|x86.Build.0 = Release|x86
		{3BDFC374-8F5D-414D-8A69-84FA2374DDAA}.Debug|Any CPU.ActiveCfg = Debug|Any CPU
		{3BDFC374-8F5D-414D-8A69-84FA2374DDAA}.Debug|Any CPU.Build.0 = Debug|Any CPU
		{3BDFC374-8F5D-414D-8A69-84FA2374DDAA}.Debug|x86.ActiveCfg = Debug|x86
		{3BDFC374-8F5D-414D-8A69-84FA2374DDAA}.Debug|x86.Build.0 = Debug|x86
		{3BDFC374-8F5D-414D-8A69-84FA2374DDAA}.Release|Any CPU.ActiveCfg = Release|Any CPU
		{3BDFC374-8F5D-414D-8A69-84FA2374DDAA}.Release|Any CPU.Build.0 = Release|Any CPU
		{3BDFC374-8F5D-414D-8A69-84FA2374DDAA}.Release|x86.ActiveCfg = Release|x86
		{3BDFC374-8F5D-414D-8A69-84FA2374DDAA}.Release|x86.Build.0 = Release|x86
		{843E8096-8042-4DC4-AAC7-AE3F6D93AF94}.Debug|Any CPU.ActiveCfg = Debug|Any CPU
		{843E8096-8042-4DC4-AAC7-AE3F6D93AF94}.Debug|Any CPU.Build.0 = Debug|Any CPU
		{843E8096-8042-4DC4-AAC7-AE3F6D93AF94}.Debug|x86.ActiveCfg = Debug|x86
		{843E8096-8042-4DC4-AAC7-AE3F6D93AF94}.Debug|x86.Build.0 = Debug|x86
		{843E8096-8042-4DC4-AAC7-AE3F6D93AF94}.Release|Any CPU.ActiveCfg = Release|Any CPU
		{843E8096-8042-4DC4-AAC7-AE3F6D93AF94}.Release|Any CPU.Build.0 = Release|Any CPU
		{843E8096-8042-4DC4-AAC7-AE3F6D93AF94}.Release|x86.ActiveCfg = Release|x86
		{843E8096-8042-4DC4-AAC7-AE3F6D93AF94}.Release|x86.Build.0 = Release|x86
		{07934507-A60A-48DD-8604-0BBD5FB76755}.Debug|Any CPU.ActiveCfg = Debug|Any CPU
		{07934507-A60A-48DD-8604-0BBD5FB76755}.Debug|Any CPU.Build.0 = Debug|Any CPU
		{07934507-A60A-48DD-8604-0BBD5FB76755}.Debug|x86.ActiveCfg = Debug|Any CPU
		{07934507-A60A-48DD-8604-0BBD5FB76755}.Debug|x86.Build.0 = Debug|Any CPU
		{07934507-A60A-48DD-8604-0BBD5FB76755}.Release|Any CPU.ActiveCfg = Release|Any CPU
		{07934507-A60A-48DD-8604-0BBD5FB76755}.Release|Any CPU.Build.0 = Release|Any CPU
		{07934507-A60A-48DD-8604-0BBD5FB76755}.Release|x86.ActiveCfg = Release|Any CPU
		{07934507-A60A-48DD-8604-0BBD5FB76755}.Release|x86.Build.0 = Release|Any CPU
		{91D4D3B3-E94F-472B-8C46-B4AFA0E4080D}.Debug|Any CPU.ActiveCfg = Debug|Any CPU
		{91D4D3B3-E94F-472B-8C46-B4AFA0E4080D}.Debug|Any CPU.Build.0 = Debug|Any CPU
		{91D4D3B3-E94F-472B-8C46-B4AFA0E4080D}.Debug|x86.ActiveCfg = Debug|x86
		{91D4D3B3-E94F-472B-8C46-B4AFA0E4080D}.Debug|x86.Build.0 = Debug|x86
		{91D4D3B3-E94F-472B-8C46-B4AFA0E4080D}.Release|Any CPU.ActiveCfg = Release|Any CPU
		{91D4D3B3-E94F-472B-8C46-B4AFA0E4080D}.Release|Any CPU.Build.0 = Release|Any CPU
		{91D4D3B3-E94F-472B-8C46-B4AFA0E4080D}.Release|x86.ActiveCfg = Release|x86
		{91D4D3B3-E94F-472B-8C46-B4AFA0E4080D}.Release|x86.Build.0 = Release|x86
	EndGlobalSection
	GlobalSection(SolutionProperties) = preSolution
		HideSolutionNode = FALSE
	EndGlobalSection
	GlobalSection(NestedProjects) = preSolution
		{151E3C5C-76D8-41DC-897F-E2BB379B5290} = {9316C9AF-8504-47DC-B0FF-16DF77087E78}
		{F488449E-AA4E-450F-9254-674B09DF8A42} = {99D18A3E-9264-4423-BE35-4AAB4DAA9C8E}
		{20E6D83D-C4C5-48B7-AD7A-1136216AF361} = {4A396C46-6BCC-462F-BBDA-400F1A58BB10}
		{44144A1F-44AE-4DBF-B770-04709F6BB315} = {4A396C46-6BCC-462F-BBDA-400F1A58BB10}
		{66517CA7-F38A-4784-955F-F8793780121E} = {9A9227F9-D760-40DB-AC24-96183511FF83}
		{29E1B8DF-9054-4F1A-8A85-BFDBF804FAFC} = {9A9227F9-D760-40DB-AC24-96183511FF83}
		{B309C8B6-FDDD-4FA6-86B6-24E766BBD0AF} = {9A9227F9-D760-40DB-AC24-96183511FF83}
		{1210D832-720A-49BD-8CE0-A6FEB04FA64E} = {29E1B8DF-9054-4F1A-8A85-BFDBF804FAFC}
		{9B0AF49A-545A-4D8A-B312-37F1478BDBC5} = {29E1B8DF-9054-4F1A-8A85-BFDBF804FAFC}
		{197E5FEF-20A5-40CB-9958-C136C86B3794} = {29E1B8DF-9054-4F1A-8A85-BFDBF804FAFC}
		{75EC3EF7-F1DB-478B-862D-7DC4FD7746FE} = {B309C8B6-FDDD-4FA6-86B6-24E766BBD0AF}
		{EC9A6B77-80FC-46CD-986F-FD1BB266B548} = {66517CA7-F38A-4784-955F-F8793780121E}
		{6286DD36-9509-4EF3-A044-E3CA1CAD82B6} = {73E79554-12A8-4E6A-A9C6-31AA3037281D}
		{74BD03DB-3BF8-4ED5-BF29-13A386088898} = {73E79554-12A8-4E6A-A9C6-31AA3037281D}
		{FBF89967-C918-4431-80F2-590298BD3261} = {6286DD36-9509-4EF3-A044-E3CA1CAD82B6}
		{E539937A-6BC8-4FA2-AE95-D56DB1210DEB} = {6286DD36-9509-4EF3-A044-E3CA1CAD82B6}
		{0324979A-5F7C-4C1C-8DAB-0E1661EAF4B6} = {6286DD36-9509-4EF3-A044-E3CA1CAD82B6}
		{F4096442-0E7A-447C-8BEC-1F468EDECA8B} = {6286DD36-9509-4EF3-A044-E3CA1CAD82B6}
		{3BDFC374-8F5D-414D-8A69-84FA2374DDAA} = {6286DD36-9509-4EF3-A044-E3CA1CAD82B6}
		{843E8096-8042-4DC4-AAC7-AE3F6D93AF94} = {6286DD36-9509-4EF3-A044-E3CA1CAD82B6}
		{07934507-A60A-48DD-8604-0BBD5FB76755} = {74BD03DB-3BF8-4ED5-BF29-13A386088898}
		{91D4D3B3-E94F-472B-8C46-B4AFA0E4080D} = {9316C9AF-8504-47DC-B0FF-16DF77087E78}
	EndGlobalSection
	GlobalSection(ExtensibilityGlobals) = postSolution
		SolutionGuid = {E5A376AE-FB8D-4FE8-B0C4-90CAE27AE0DE}
	EndGlobalSection
EndGlobal
